
Microsoft Visual Studio Solution File, Format Version 12.00
# Visual Studio 2013
VisualStudioVersion = 12.0.21005.1
MinimumVisualStudioVersion = 10.0.40219.1
Project("{FAE04EC0-301F-11D3-BF4B-00C04F79EFBC}") = "SchemeGraphs", "SchemeGraphs\SchemeGraphs.csproj", "{AA7E0ECE-5C27-4F63-9522-39F2CAF83612}"
EndProject
Project("{2150E333-8FDC-42A3-9474-1A3956D46DE8}") = ".nuget", ".nuget", "{05460806-AEC7-45F4-AF9C-77357BA066AD}"
	ProjectSection(SolutionItems) = preProject
		.nuget\NuGet.Config = .nuget\NuGet.Config
		.nuget\NuGet.exe = .nuget\NuGet.exe
		.nuget\NuGet.targets = .nuget\NuGet.targets
	EndProjectSection
EndProject
Project("{FAE04EC0-301F-11D3-BF4B-00C04F79EFBC}") = "SchemeLibrary", "SchemeLibrary\SchemeLibrary.csproj", "{A7232140-C65F-46ED-BF69-80E0472D80E6}"
EndProject
Project("{FAE04EC0-301F-11D3-BF4B-00C04F79EFBC}") = "SchemeLibrary.Console.Test", "SchemeLibrary.Console.Test\SchemeLibrary.Console.Test.csproj", "{20AB0653-7D2B-4FB5-A0DE-AEBBBC985ACF}"
EndProject
Project("{FAE04EC0-301F-11D3-BF4B-00C04F79EFBC}") = "CthConsoleTest", "CthConsoleTest\CthConsoleTest.csproj", "{80597202-B961-4D01-BF46-831F892B0B7A}"
EndProject
Global
	GlobalSection(SolutionConfigurationPlatforms) = preSolution
		Debug|Any CPU = Debug|Any CPU
		Release|Any CPU = Release|Any CPU
	EndGlobalSection
	GlobalSection(ProjectConfigurationPlatforms) = postSolution
		{AA7E0ECE-5C27-4F63-9522-39F2CAF83612}.Debug|Any CPU.ActiveCfg = Debug|Any CPU
		{AA7E0ECE-5C27-4F63-9522-39F2CAF83612}.Debug|Any CPU.Build.0 = Debug|Any CPU
		{AA7E0ECE-5C27-4F63-9522-39F2CAF83612}.Release|Any CPU.ActiveCfg = Release|Any CPU
		{AA7E0ECE-5C27-4F63-9522-39F2CAF83612}.Release|Any CPU.Build.0 = Release|Any CPU
		{A7232140-C65F-46ED-BF69-80E0472D80E6}.Debug|Any CPU.ActiveCfg = Debug|Any CPU
		{A7232140-C65F-46ED-BF69-80E0472D80E6}.Debug|Any CPU.Build.0 = Debug|Any CPU
		{A7232140-C65F-46ED-BF69-80E0472D80E6}.Release|Any CPU.ActiveCfg = Release|Any CPU
		{A7232140-C65F-46ED-BF69-80E0472D80E6}.Release|Any CPU.Build.0 = Release|Any CPU
		{20AB0653-7D2B-4FB5-A0DE-AEBBBC985ACF}.Debug|Any CPU.ActiveCfg = Debug|Any CPU
		{20AB0653-7D2B-4FB5-A0DE-AEBBBC985ACF}.Debug|Any CPU.Build.0 = Debug|Any CPU
		{20AB0653-7D2B-4FB5-A0DE-AEBBBC985ACF}.Release|Any CPU.ActiveCfg = Release|Any CPU
		{20AB0653-7D2B-4FB5-A0DE-AEBBBC985ACF}.Release|Any CPU.Build.0 = Release|Any CPU
		{80597202-B961-4D01-BF46-831F892B0B7A}.Debug|Any CPU.ActiveCfg = Debug|Any CPU
		{80597202-B961-4D01-BF46-831F892B0B7A}.Debug|Any CPU.Build.0 = Debug|Any CPU
		{80597202-B961-4D01-BF46-831F892B0B7A}.Release|Any CPU.ActiveCfg = Release|Any CPU
		{80597202-B961-4D01-BF46-831F892B0B7A}.Release|Any CPU.Build.0 = Release|Any CPU
	EndGlobalSection
	GlobalSection(SolutionProperties) = preSolution
		HideSolutionNode = FALSE
	EndGlobalSection
EndGlobal
